
Microsoft Visual Studio Solution File, Format Version 12.00
# Visual Studio Version 17
VisualStudioVersion = 17.14.36518.9 d17.14
MinimumVisualStudioVersion = 10.0.40219.1
Project("{8BC9CEB8-8B4A-11D0-8D11-00A0C91BC942}") = "QuickColorManager", "QuickColorManager.vcxproj", "{DA20C955-6BE7-44D5-8862-AC65D5961E09}"
EndProject
Global
	GlobalSection(SolutionConfigurationPlatforms) = preSolution
		Debug|x64 = Debug|x64
		Debug|x86 = Debug|x86
		Release|x64 = Release|x64
		Release|x86 = Release|x86
	EndGlobalSection
	GlobalSection(ProjectConfigurationPlatforms) = postSolution
		{DA20C955-6BE7-44D5-8862-AC65D5961E09}.Debug|x64.ActiveCfg = Debug|x64
		{DA20C955-6BE7-44D5-8862-AC65D5961E09}.Debug|x64.Build.0 = Debug|x64
		{DA20C955-6BE7-44D5-8862-AC65D5961E09}.Debug|x86.ActiveCfg = Debug|Win32
		{DA20C955-6BE7-44D5-8862-AC65D5961E09}.Debug|x86.Build.0 = Debug|Win32
		{DA20C955-6BE7-44D5-8862-AC65D5961E09}.Release|x64.ActiveCfg = Release|x64
		{DA20C955-6BE7-44D5-8862-AC65D5961E09}.Release|x64.Build.0 = Release|x64
		{DA20C955-6BE7-44D5-8862-AC65D5961E09}.Release|x86.ActiveCfg = Release|Win32
		{DA20C955-6BE7-44D5-8862-AC65D5961E09}.Release|x86.Build.0 = Release|Win32
	EndGlobalSection
	GlobalSection(SolutionProperties) = preSolution
		HideSolutionNode = FALSE
	EndGlobalSection
	GlobalSection(ExtensibilityGlobals) = postSolution
		SolutionGuid = {08BE91DE-E800-47D3-A920-9EE5684D50A5}
	EndGlobalSection
EndGlobal
